// !$*UTF8*$!
{
	archiveVersion = 1;
	classes = {
	};
	objectVersion = 46;
	objects = {

/* Begin PBXBuildFile section */
		63136CB11B6D58D8003A6665 /* AbstractActionSheetPicker.m in Sources */ = {isa = PBXBuildFile; fileRef = 63136CA41B6D58D8003A6665 /* AbstractActionSheetPicker.m */; };
		63136CB21B6D58D8003A6665 /* ActionSheetCustomPicker.m in Sources */ = {isa = PBXBuildFile; fileRef = 63136CA61B6D58D8003A6665 /* ActionSheetCustomPicker.m */; };
		63136CB31B6D58D8003A6665 /* ActionSheetDatePicker.m in Sources */ = {isa = PBXBuildFile; fileRef = 63136CA91B6D58D8003A6665 /* ActionSheetDatePicker.m */; };
		63136CB41B6D58D8003A6665 /* ActionSheetLocalePicker.m in Sources */ = {isa = PBXBuildFile; fileRef = 63136CAB1B6D58D8003A6665 /* ActionSheetLocalePicker.m */; };
		63136CB51B6D58D8003A6665 /* ActionSheetStringPicker.m in Sources */ = {isa = PBXBuildFile; fileRef = 63136CAE1B6D58D8003A6665 /* ActionSheetStringPicker.m */; };
		63136CB61B6D58D8003A6665 /* SWActionSheet.m in Sources */ = {isa = PBXBuildFile; fileRef = 63136CB01B6D58D8003A6665 /* SWActionSheet.m */; };
		63136CBF1B6D598A003A6665 /* Fonts.swift in Sources */ = {isa = PBXBuildFile; fileRef = 63136CBE1B6D598A003A6665 /* Fonts.swift */; };
		63D206E41B6813C200568E17 /* AppDelegate.swift in Sources */ = {isa = PBXBuildFile; fileRef = 63D206E31B6813C200568E17 /* AppDelegate.swift */; };
		63D206EB1B6813C200568E17 /* Images.xcassets in Resources */ = {isa = PBXBuildFile; fileRef = 63D206EA1B6813C200568E17 /* Images.xcassets */; };
		63D206EE1B6813C200568E17 /* LaunchScreen.xib in Resources */ = {isa = PBXBuildFile; fileRef = 63D206EC1B6813C200568E17 /* LaunchScreen.xib */; };
		63D206FA1B6813C200568E17 /* Funny_Pic_MakerTests.swift in Sources */ = {isa = PBXBuildFile; fileRef = 63D206F91B6813C200568E17 /* Funny_Pic_MakerTests.swift */; };
		63D207051B68140500568E17 /* WelcomeViewController.swift in Sources */ = {isa = PBXBuildFile; fileRef = 63D207031B68140500568E17 /* WelcomeViewController.swift */; };
		63D207061B68140500568E17 /* WelcomeViewController.xib in Resources */ = {isa = PBXBuildFile; fileRef = 63D207041B68140500568E17 /* WelcomeViewController.xib */; };
		63D207091B68142700568E17 /* PhotoEditorViewController.swift in Sources */ = {isa = PBXBuildFile; fileRef = 63D207071B68142600568E17 /* PhotoEditorViewController.swift */; };
		63D2070A1B68142700568E17 /* PhotoEditorViewController.xib in Resources */ = {isa = PBXBuildFile; fileRef = 63D207081B68142600568E17 /* PhotoEditorViewController.xib */; };
/* End PBXBuildFile section */

/* Begin PBXContainerItemProxy section */
		63D206F41B6813C200568E17 /* PBXContainerItemProxy */ = {
			isa = PBXContainerItemProxy;
			containerPortal = 63D206D61B6813C200568E17 /* Project object */;
			proxyType = 1;
			remoteGlobalIDString = 63D206DD1B6813C200568E17;
			remoteInfo = "Funny Pic Maker";
		};
/* End PBXContainerItemProxy section */

/* Begin PBXFileReference section */
		63136CA31B6D58D8003A6665 /* AbstractActionSheetPicker.h */ = {isa = PBXFileReference; fileEncoding = 4; lastKnownFileType = sourcecode.c.h; path = AbstractActionSheetPicker.h; sourceTree = "<group>"; };
		63136CA41B6D58D8003A6665 /* AbstractActionSheetPicker.m */ = {isa = PBXFileReference; fileEncoding = 4; lastKnownFileType = sourcecode.c.objc; path = AbstractActionSheetPicker.m; sourceTree = "<group>"; };
		63136CA51B6D58D8003A6665 /* ActionSheetCustomPicker.h */ = {isa = PBXFileReference; fileEncoding = 4; lastKnownFileType = sourcecode.c.h; path = ActionSheetCustomPicker.h; sourceTree = "<group>"; };
		63136CA61B6D58D8003A6665 /* ActionSheetCustomPicker.m */ = {isa = PBXFileReference; fileEncoding = 4; lastKnownFileType = sourcecode.c.objc; path = ActionSheetCustomPicker.m; sourceTree = "<group>"; };
		63136CA71B6D58D8003A6665 /* ActionSheetCustomPickerDelegate.h */ = {isa = PBXFileReference; fileEncoding = 4; lastKnownFileType = sourcecode.c.h; path = ActionSheetCustomPickerDelegate.h; sourceTree = "<group>"; };
		63136CA81B6D58D8003A6665 /* ActionSheetDatePicker.h */ = {isa = PBXFileReference; fileEncoding = 4; lastKnownFileType = sourcecode.c.h; path = ActionSheetDatePicker.h; sourceTree = "<group>"; };
		63136CA91B6D58D8003A6665 /* ActionSheetDatePicker.m */ = {isa = PBXFileReference; fileEncoding = 4; lastKnownFileType = sourcecode.c.objc; path = ActionSheetDatePicker.m; sourceTree = "<group>"; };
		63136CAA1B6D58D8003A6665 /* ActionSheetLocalePicker.h */ = {isa = PBXFileReference; fileEncoding = 4; lastKnownFileType = sourcecode.c.h; path = ActionSheetLocalePicker.h; sourceTree = "<group>"; };
		63136CAB1B6D58D8003A6665 /* ActionSheetLocalePicker.m */ = {isa = PBXFileReference; fileEncoding = 4; lastKnownFileType = sourcecode.c.objc; path = ActionSheetLocalePicker.m; sourceTree = "<group>"; };
		63136CAC1B6D58D8003A6665 /* ActionSheetPicker.h */ = {isa = PBXFileReference; fileEncoding = 4; lastKnownFileType = sourcecode.c.h; path = ActionSheetPicker.h; sourceTree = "<group>"; };
		63136CAD1B6D58D8003A6665 /* ActionSheetStringPicker.h */ = {isa = PBXFileReference; fileEncoding = 4; lastKnownFileType = sourcecode.c.h; path = ActionSheetStringPicker.h; sourceTree = "<group>"; };
		63136CAE1B6D58D8003A6665 /* ActionSheetStringPicker.m */ = {isa = PBXFileReference; fileEncoding = 4; lastKnownFileType = sourcecode.c.objc; path = ActionSheetStringPicker.m; sourceTree = "<group>"; };
		63136CAF1B6D58D8003A6665 /* SWActionSheet.h */ = {isa = PBXFileReference; fileEncoding = 4; lastKnownFileType = sourcecode.c.h; path = SWActionSheet.h; sourceTree = "<group>"; };
		63136CB01B6D58D8003A6665 /* SWActionSheet.m */ = {isa = PBXFileReference; fileEncoding = 4; lastKnownFileType = sourcecode.c.objc; path = SWActionSheet.m; sourceTree = "<group>"; };
		63136CBA1B6D5902003A6665 /* Bridging-Header.h */ = {isa = PBXFileReference; lastKnownFileType = sourcecode.c.h; name = "Bridging-Header.h"; path = "../Bridging-Header.h"; sourceTree = "<group>"; };
		63136CBE1B6D598A003A6665 /* Fonts.swift */ = {isa = PBXFileReference; fileEncoding = 4; lastKnownFileType = sourcecode.swift; name = Fonts.swift; path = ../Fonts.swift; sourceTree = "<group>"; };
		63D206DE1B6813C200568E17 /* Funny Pic Maker.app */ = {isa = PBXFileReference; explicitFileType = wrapper.application; includeInIndex = 0; path = "Funny Pic Maker.app"; sourceTree = BUILT_PRODUCTS_DIR; };
		63D206E21B6813C200568E17 /* Info.plist */ = {isa = PBXFileReference; lastKnownFileType = text.plist.xml; path = Info.plist; sourceTree = "<group>"; };
		63D206E31B6813C200568E17 /* AppDelegate.swift */ = {isa = PBXFileReference; lastKnownFileType = sourcecode.swift; path = AppDelegate.swift; sourceTree = "<group>"; };
		63D206EA1B6813C200568E17 /* Images.xcassets */ = {isa = PBXFileReference; lastKnownFileType = folder.assetcatalog; path = Images.xcassets; sourceTree = "<group>"; };
		63D206ED1B6813C200568E17 /* Base */ = {isa = PBXFileReference; lastKnownFileType = file.xib; name = Base; path = Base.lproj/LaunchScreen.xib; sourceTree = "<group>"; };
		63D206F31B6813C200568E17 /* Funny Pic MakerTests.xctest */ = {isa = PBXFileReference; explicitFileType = wrapper.cfbundle; includeInIndex = 0; path = "Funny Pic MakerTests.xctest"; sourceTree = BUILT_PRODUCTS_DIR; };
		63D206F81B6813C200568E17 /* Info.plist */ = {isa = PBXFileReference; lastKnownFileType = text.plist.xml; path = Info.plist; sourceTree = "<group>"; };
		63D206F91B6813C200568E17 /* Funny_Pic_MakerTests.swift */ = {isa = PBXFileReference; lastKnownFileType = sourcecode.swift; path = Funny_Pic_MakerTests.swift; sourceTree = "<group>"; };
		63D207031B68140500568E17 /* WelcomeViewController.swift */ = {isa = PBXFileReference; fileEncoding = 4; lastKnownFileType = sourcecode.swift; path = WelcomeViewController.swift; sourceTree = "<group>"; };
		63D207041B68140500568E17 /* WelcomeViewController.xib */ = {isa = PBXFileReference; fileEncoding = 4; lastKnownFileType = file.xib; path = WelcomeViewController.xib; sourceTree = "<group>"; };
		63D207071B68142600568E17 /* PhotoEditorViewController.swift */ = {isa = PBXFileReference; fileEncoding = 4; lastKnownFileType = sourcecode.swift; path = PhotoEditorViewController.swift; sourceTree = "<group>"; };
		63D207081B68142600568E17 /* PhotoEditorViewController.xib */ = {isa = PBXFileReference; fileEncoding = 4; lastKnownFileType = file.xib; path = PhotoEditorViewController.xib; sourceTree = "<group>"; };
/* End PBXFileReference section */

/* Begin PBXFrameworksBuildPhase section */
		63D206DB1B6813C200568E17 /* Frameworks */ = {
			isa = PBXFrameworksBuildPhase;
			buildActionMask = 2147483647;
			files = (
			);
			runOnlyForDeploymentPostprocessing = 0;
		};
		63D206F01B6813C200568E17 /* Frameworks */ = {
			isa = PBXFrameworksBuildPhase;
			buildActionMask = 2147483647;
			files = (
			);
			runOnlyForDeploymentPostprocessing = 0;
		};
/* End PBXFrameworksBuildPhase section */

/* Begin PBXGroup section */
		63136CA21B6D58D8003A6665 /* ActionSheets */ = {
			isa = PBXGroup;
			children = (
				63136CA31B6D58D8003A6665 /* AbstractActionSheetPicker.h */,
				63136CA41B6D58D8003A6665 /* AbstractActionSheetPicker.m */,
				63136CA51B6D58D8003A6665 /* ActionSheetCustomPicker.h */,
				63136CA61B6D58D8003A6665 /* ActionSheetCustomPicker.m */,
				63136CA71B6D58D8003A6665 /* ActionSheetCustomPickerDelegate.h */,
				63136CA81B6D58D8003A6665 /* ActionSheetDatePicker.h */,
				63136CA91B6D58D8003A6665 /* ActionSheetDatePicker.m */,
				63136CAA1B6D58D8003A6665 /* ActionSheetLocalePicker.h */,
				63136CAB1B6D58D8003A6665 /* ActionSheetLocalePicker.m */,
				63136CAC1B6D58D8003A6665 /* ActionSheetPicker.h */,
				63136CAD1B6D58D8003A6665 /* ActionSheetStringPicker.h */,
				63136CAE1B6D58D8003A6665 /* ActionSheetStringPicker.m */,
				63136CAF1B6D58D8003A6665 /* SWActionSheet.h */,
				63136CB01B6D58D8003A6665 /* SWActionSheet.m */,
			);
			path = ActionSheets;
			sourceTree = "<group>";
		};
		63D206D51B6813C200568E17 = {
			isa = PBXGroup;
			children = (
				63D206E01B6813C200568E17 /* Funny Pic Maker */,
				63D206F61B6813C200568E17 /* Funny Pic MakerTests */,
				63D206DF1B6813C200568E17 /* Products */,
			);
			sourceTree = "<group>";
		};
		63D206DF1B6813C200568E17 /* Products */ = {
			isa = PBXGroup;
			children = (
				63D206DE1B6813C200568E17 /* Funny Pic Maker.app */,
				63D206F31B6813C200568E17 /* Funny Pic MakerTests.xctest */,
			);
			name = Products;
			sourceTree = "<group>";
		};
		63D206E01B6813C200568E17 /* Funny Pic Maker */ = {
			isa = PBXGroup;
			children = (
				63D206E31B6813C200568E17 /* AppDelegate.swift */,
				63D207031B68140500568E17 /* WelcomeViewController.swift */,
				63D207041B68140500568E17 /* WelcomeViewController.xib */,
				63D207071B68142600568E17 /* PhotoEditorViewController.swift */,
				63D207081B68142600568E17 /* PhotoEditorViewController.xib */,
				63136CBE1B6D598A003A6665 /* Fonts.swift */,
				63D206EA1B6813C200568E17 /* Images.xcassets */,
				63136CA21B6D58D8003A6665 /* ActionSheets */,
				63D206EC1B6813C200568E17 /* LaunchScreen.xib */,
				63D206E11B6813C200568E17 /* Supporting Files */,
			);
			path = "Funny Pic Maker";
			sourceTree = "<group>";
		};
		63D206E11B6813C200568E17 /* Supporting Files */ = {
			isa = PBXGroup;
			children = (
				63136CBA1B6D5902003A6665 /* Bridging-Header.h */,
				63D206E21B6813C200568E17 /* Info.plist */,
			);
			name = "Supporting Files";
			sourceTree = "<group>";
		};
		63D206F61B6813C200568E17 /* Funny Pic MakerTests */ = {
			isa = PBXGroup;
			children = (
				63D206F91B6813C200568E17 /* Funny_Pic_MakerTests.swift */,
				63D206F71B6813C200568E17 /* Supporting Files */,
			);
			path = "Funny Pic MakerTests";
			sourceTree = "<group>";
		};
		63D206F71B6813C200568E17 /* Supporting Files */ = {
			isa = PBXGroup;
			children = (
				63D206F81B6813C200568E17 /* Info.plist */,
			);
			name = "Supporting Files";
			sourceTree = "<group>";
		};
/* End PBXGroup section */

/* Begin PBXNativeTarget section */
		63D206DD1B6813C200568E17 /* Funny Pic Maker */ = {
			isa = PBXNativeTarget;
			buildConfigurationList = 63D206FD1B6813C200568E17 /* Build configuration list for PBXNativeTarget "Funny Pic Maker" */;
			buildPhases = (
				63D206DA1B6813C200568E17 /* Sources */,
				63D206DB1B6813C200568E17 /* Frameworks */,
				63D206DC1B6813C200568E17 /* Resources */,
			);
			buildRules = (
			);
			dependencies = (
			);
			name = "Funny Pic Maker";
			productName = "Funny Pic Maker";
			productReference = 63D206DE1B6813C200568E17 /* Funny Pic Maker.app */;
			productType = "com.apple.product-type.application";
		};
		63D206F21B6813C200568E17 /* Funny Pic MakerTests */ = {
			isa = PBXNativeTarget;
			buildConfigurationList = 63D207001B6813C200568E17 /* Build configuration list for PBXNativeTarget "Funny Pic MakerTests" */;
			buildPhases = (
				63D206EF1B6813C200568E17 /* Sources */,
				63D206F01B6813C200568E17 /* Frameworks */,
				63D206F11B6813C200568E17 /* Resources */,
			);
			buildRules = (
			);
			dependencies = (
				63D206F51B6813C200568E17 /* PBXTargetDependency */,
			);
			name = "Funny Pic MakerTests";
			productName = "Funny Pic MakerTests";
			productReference = 63D206F31B6813C200568E17 /* Funny Pic MakerTests.xctest */;
			productType = "com.apple.product-type.bundle.unit-test";
		};
/* End PBXNativeTarget section */

/* Begin PBXProject section */
		63D206D61B6813C200568E17 /* Project object */ = {
			isa = PBXProject;
			attributes = {
				LastUpgradeCheck = 0640;
				ORGANIZATIONNAME = "Shakd Apps";
				TargetAttributes = {
					63D206DD1B6813C200568E17 = {
						CreatedOnToolsVersion = 6.4;
					};
					63D206F21B6813C200568E17 = {
						CreatedOnToolsVersion = 6.4;
						TestTargetID = 63D206DD1B6813C200568E17;
					};
				};
			};
			buildConfigurationList = 63D206D91B6813C200568E17 /* Build configuration list for PBXProject "Funny Pic Maker" */;
			compatibilityVersion = "Xcode 3.2";
			developmentRegion = English;
			hasScannedForEncodings = 0;
			knownRegions = (
				en,
				Base,
			);
			mainGroup = 63D206D51B6813C200568E17;
			productRefGroup = 63D206DF1B6813C200568E17 /* Products */;
			projectDirPath = "";
			projectRoot = "";
			targets = (
				63D206DD1B6813C200568E17 /* Funny Pic Maker */,
				63D206F21B6813C200568E17 /* Funny Pic MakerTests */,
			);
		};
/* End PBXProject section */

/* Begin PBXResourcesBuildPhase section */
		63D206DC1B6813C200568E17 /* Resources */ = {
			isa = PBXResourcesBuildPhase;
			buildActionMask = 2147483647;
			files = (
				63D206EE1B6813C200568E17 /* LaunchScreen.xib in Resources */,
				63D206EB1B6813C200568E17 /* Images.xcassets in Resources */,
				63D2070A1B68142700568E17 /* PhotoEditorViewController.xib in Resources */,
				63D207061B68140500568E17 /* WelcomeViewController.xib in Resources */,
			);
			runOnlyForDeploymentPostprocessing = 0;
		};
		63D206F11B6813C200568E17 /* Resources */ = {
			isa = PBXResourcesBuildPhase;
			buildActionMask = 2147483647;
			files = (
			);
			runOnlyForDeploymentPostprocessing = 0;
		};
/* End PBXResourcesBuildPhase section */

/* Begin PBXSourcesBuildPhase section */
		63D206DA1B6813C200568E17 /* Sources */ = {
			isa = PBXSourcesBuildPhase;
			buildActionMask = 2147483647;
			files = (
				63D206E41B6813C200568E17 /* AppDelegate.swift in Sources */,
				63136CB41B6D58D8003A6665 /* ActionSheetLocalePicker.m in Sources */,
				63136CB11B6D58D8003A6665 /* AbstractActionSheetPicker.m in Sources */,
				63136CB21B6D58D8003A6665 /* ActionSheetCustomPicker.m in Sources */,
				63D207051B68140500568E17 /* WelcomeViewController.swift in Sources */,
				63136CB61B6D58D8003A6665 /* SWActionSheet.m in Sources */,
				63D207091B68142700568E17 /* PhotoEditorViewController.swift in Sources */,
				63136CB51B6D58D8003A6665 /* ActionSheetStringPicker.m in Sources */,
				63136CBF1B6D598A003A6665 /* Fonts.swift in Sources */,
				63136CB31B6D58D8003A6665 /* ActionSheetDatePicker.m in Sources */,
			);
			runOnlyForDeploymentPostprocessing = 0;
		};
		63D206EF1B6813C200568E17 /* Sources */ = {
			isa = PBXSourcesBuildPhase;
			buildActionMask = 2147483647;
			files = (
				63D206FA1B6813C200568E17 /* Funny_Pic_MakerTests.swift in Sources */,
			);
			runOnlyForDeploymentPostprocessing = 0;
		};
/* End PBXSourcesBuildPhase section */

/* Begin PBXTargetDependency section */
		63D206F51B6813C200568E17 /* PBXTargetDependency */ = {
			isa = PBXTargetDependency;
			target = 63D206DD1B6813C200568E17 /* Funny Pic Maker */;
			targetProxy = 63D206F41B6813C200568E17 /* PBXContainerItemProxy */;
		};
/* End PBXTargetDependency section */

/* Begin PBXVariantGroup section */
		63D206EC1B6813C200568E17 /* LaunchScreen.xib */ = {
			isa = PBXVariantGroup;
			children = (
				63D206ED1B6813C200568E17 /* Base */,
			);
			name = LaunchScreen.xib;
			sourceTree = "<group>";
		};
/* End PBXVariantGroup section */

/* Begin XCBuildConfiguration section */
		63D206FB1B6813C200568E17 /* Debug */ = {
			isa = XCBuildConfiguration;
			buildSettings = {
				ALWAYS_SEARCH_USER_PATHS = NO;
				CLANG_CXX_LANGUAGE_STANDARD = "gnu++0x";
				CLANG_CXX_LIBRARY = "libc++";
				CLANG_ENABLE_MODULES = YES;
				CLANG_ENABLE_OBJC_ARC = YES;
				CLANG_WARN_BOOL_CONVERSION = YES;
				CLANG_WARN_CONSTANT_CONVERSION = YES;
				CLANG_WARN_DIRECT_OBJC_ISA_USAGE = YES_ERROR;
				CLANG_WARN_EMPTY_BODY = YES;
				CLANG_WARN_ENUM_CONVERSION = YES;
				CLANG_WARN_INT_CONVERSION = YES;
				CLANG_WARN_OBJC_ROOT_CLASS = YES_ERROR;
				CLANG_WARN_UNREACHABLE_CODE = YES;
				CLANG_WARN__DUPLICATE_METHOD_MATCH = YES;
				"CODE_SIGN_IDENTITY[sdk=iphoneos*]" = "iPhone Developer";
				COPY_PHASE_STRIP = NO;
				DEBUG_INFORMATION_FORMAT = "dwarf-with-dsym";
				ENABLE_STRICT_OBJC_MSGSEND = YES;
				GCC_C_LANGUAGE_STANDARD = gnu99;
				GCC_DYNAMIC_NO_PIC = NO;
				GCC_NO_COMMON_BLOCKS = YES;
				GCC_OPTIMIZATION_LEVEL = 0;
				GCC_PREPROCESSOR_DEFINITIONS = (
					"DEBUG=1",
					"$(inherited)",
				);
				GCC_SYMBOLS_PRIVATE_EXTERN = NO;
				GCC_WARN_64_TO_32_BIT_CONVERSION = YES;
				GCC_WARN_ABOUT_RETURN_TYPE = YES_ERROR;
				GCC_WARN_UNDECLARED_SELECTOR = YES;
				GCC_WARN_UNINITIALIZED_AUTOS = YES_AGGRESSIVE;
				GCC_WARN_UNUSED_FUNCTION = YES;
				GCC_WARN_UNUSED_VARIABLE = YES;
				IPHONEOS_DEPLOYMENT_TARGET = 8.4;
				MTL_ENABLE_DEBUG_INFO = YES;
				ONLY_ACTIVE_ARCH = YES;
				SDKROOT = iphoneos;
				SWIFT_OPTIMIZATION_LEVEL = "-Onone";
			};
			name = Debug;
		};
		63D206FC1B6813C200568E17 /* Release */ = {
			isa = XCBuildConfiguration;
			buildSettings = {
				ALWAYS_SEARCH_USER_PATHS = NO;
				CLANG_CXX_LANGUAGE_STANDARD = "gnu++0x";
				CLANG_CXX_LIBRARY = "libc++";
				CLANG_ENABLE_MODULES = YES;
				CLANG_ENABLE_OBJC_ARC = YES;
				CLANG_WARN_BOOL_CONVERSION = YES;
				CLANG_WARN_CONSTANT_CONVERSION = YES;
				CLANG_WARN_DIRECT_OBJC_ISA_USAGE = YES_ERROR;
				CLANG_WARN_EMPTY_BODY = YES;
				CLANG_WARN_ENUM_CONVERSION = YES;
				CLANG_WARN_INT_CONVERSION = YES;
				CLANG_WARN_OBJC_ROOT_CLASS = YES_ERROR;
				CLANG_WARN_UNREACHABLE_CODE = YES;
				CLANG_WARN__DUPLICATE_METHOD_MATCH = YES;
				"CODE_SIGN_IDENTITY[sdk=iphoneos*]" = "iPhone Developer";
				COPY_PHASE_STRIP = NO;
				DEBUG_INFORMATION_FORMAT = "dwarf-with-dsym";
				ENABLE_NS_ASSERTIONS = NO;
				ENABLE_STRICT_OBJC_MSGSEND = YES;
				GCC_C_LANGUAGE_STANDARD = gnu99;
				GCC_NO_COMMON_BLOCKS = YES;
				GCC_WARN_64_TO_32_BIT_CONVERSION = YES;
				GCC_WARN_ABOUT_RETURN_TYPE = YES_ERROR;
				GCC_WARN_UNDECLARED_SELECTOR = YES;
				GCC_WARN_UNINITIALIZED_AUTOS = YES_AGGRESSIVE;
				GCC_WARN_UNUSED_FUNCTION = YES;
				GCC_WARN_UNUSED_VARIABLE = YES;
				IPHONEOS_DEPLOYMENT_TARGET = 8.4;
				MTL_ENABLE_DEBUG_INFO = NO;
				SDKROOT = iphoneos;
				VALIDATE_PRODUCT = YES;
			};
			name = Release;
		};
		63D206FE1B6813C200568E17 /* Debug */ = {
			isa = XCBuildConfiguration;
			buildSettings = {
				ASSETCATALOG_COMPILER_APPICON_NAME = AppIcon;
				INFOPLIST_FILE = "Funny Pic Maker/Info.plist";
				LD_RUNPATH_SEARCH_PATHS = "$(inherited) @executable_path/Frameworks";
				PRODUCT_NAME = "$(TARGET_NAME)";
				SWIFT_OBJC_BRIDGING_HEADER = "Bridging-Header.h";
			};
			name = Debug;
		};
		63D206FF1B6813C200568E17 /* Release */ = {
			isa = XCBuildConfiguration;
			buildSettings = {
				ASSETCATALOG_COMPILER_APPICON_NAME = AppIcon;
				INFOPLIST_FILE = "Funny Pic Maker/Info.plist";
				LD_RUNPATH_SEARCH_PATHS = "$(inherited) @executable_path/Frameworks";
				PRODUCT_NAME = "$(TARGET_NAME)";
				SWIFT_OBJC_BRIDGING_HEADER = "Bridging-Header.h";
			};
			name = Release;
		};
		63D207011B6813C200568E17 /* Debug */ = {
			isa = XCBuildConfiguration;
			buildSettings = {
				BUNDLE_LOADER = "$(TEST_HOST)";
				FRAMEWORK_SEARCH_PATHS = (
					"$(SDKROOT)/Developer/Library/Frameworks",
					"$(inherited)",
				);
				GCC_PREPROCESSOR_DEFINITIONS = (
					"DEBUG=1",
					"$(inherited)",
				);
				INFOPLIST_FILE = "Funny Pic MakerTests/Info.plist";
				LD_RUNPATH_SEARCH_PATHS = "$(inherited) @executable_path/Frameworks @loader_path/Frameworks";
				PRODUCT_NAME = "$(TARGET_NAME)";
				TEST_HOST = "$(BUILT_PRODUCTS_DIR)/Funny Pic Maker.app/Funny Pic Maker";
			};
			name = Debug;
		};
		63D207021B6813C200568E17 /* Release */ = {
			isa = XCBuildConfiguration;
			buildSettings = {
				BUNDLE_LOADER = "$(TEST_HOST)";
				FRAMEWORK_SEARCH_PATHS = (
					"$(SDKROOT)/Developer/Library/Frameworks",
					"$(inherited)",
				);
				INFOPLIST_FILE = "Funny Pic MakerTests/Info.plist";
				LD_RUNPATH_SEARCH_PATHS = "$(inherited) @executable_path/Frameworks @loader_path/Frameworks";
				PRODUCT_NAME = "$(TARGET_NAME)";
				TEST_HOST = "$(BUILT_PRODUCTS_DIR)/Funny Pic Maker.app/Funny Pic Maker";
			};
			name = Release;
		};
/* End XCBuildConfiguration section */

/* Begin XCConfigurationList section */
		63D206D91B6813C200568E17 /* Build configuration list for PBXProject "Funny Pic Maker" */ = {
			isa = XCConfigurationList;
			buildConfigurations = (
				63D206FB1B6813C200568E17 /* Debug */,
				63D206FC1B6813C200568E17 /* Release */,
			);
			defaultConfigurationIsVisible = 0;
			defaultConfigurationName = Release;
		};
		63D206FD1B6813C200568E17 /* Build configuration list for PBXNativeTarget "Funny Pic Maker" */ = {
			isa = XCConfigurationList;
			buildConfigurations = (
				63D206FE1B6813C200568E17 /* Debug */,
				63D206FF1B6813C200568E17 /* Release */,
			);
			defaultConfigurationIsVisible = 0;
			defaultConfigurationName = Release;
		};
		63D207001B6813C200568E17 /* Build configuration list for PBXNativeTarget "Funny Pic MakerTests" */ = {
			isa = XCConfigurationList;
			buildConfigurations = (
				63D207011B6813C200568E17 /* Debug */,
				63D207021B6813C200568E17 /* Release */,
			);
			defaultConfigurationIsVisible = 0;
			defaultConfigurationName = Release;
		};
/* End XCConfigurationList section */
	};
	rootObject = 63D206D61B6813C200568E17 /* Project object */;
}
